// !$*UTF8*$!
{
	archiveVersion = 1;
	classes = {
	};
	objectVersion = 46;
	objects = {

/* Begin PBXBuildFile section */
		BF89B6E2194D466B00194B97 /* AppDelegate.swift in Sources */ = {isa = PBXBuildFile; fileRef = BF89B6D0194D466B00194B97 /* AppDelegate.swift */; };
		BF89B6E5194D466B00194B97 /* GameScene.swift in Sources */ = {isa = PBXBuildFile; fileRef = BF89B6D4194D466B00194B97 /* GameScene.swift */; };
		BF89B6E6194D466B00194B97 /* GameViewController.swift in Sources */ = {isa = PBXBuildFile; fileRef = BF89B6D5194D466B00194B97 /* GameViewController.swift */; };
		BF89B6E7194D466B00194B97 /* Images.xcassets in Resources */ = {isa = PBXBuildFile; fileRef = BF89B6D6194D466B00194B97 /* Images.xcassets */; };
		BF89B6E8194D466B00194B97 /* Info.plist in Resources */ = {isa = PBXBuildFile; fileRef = BF89B6D7194D466B00194B97 /* Info.plist */; };
		BF89B6E9194D466B00194B97 /* BulletSprite.m in Sources */ = {isa = PBXBuildFile; fileRef = BF89B6DA194D466B00194B97 /* BulletSprite.m */; };
		BF89B6EA194D466B00194B97 /* EnemySprite.m in Sources */ = {isa = PBXBuildFile; fileRef = BF89B6DC194D466B00194B97 /* EnemySprite.m */; };
		BF89B6EB194D466B00194B97 /* PlaneSprite.m in Sources */ = {isa = PBXBuildFile; fileRef = BF89B6DF194D466B00194B97 /* PlaneSprite.m */; };
		BF89B6EC194D466B00194B97 /* PlayerSprite.m in Sources */ = {isa = PBXBuildFile; fileRef = BF89B6E1194D466B00194B97 /* PlayerSprite.m */; };
		BFAAF626194E087700B94274 /* Easy-Cal.swift in Sources */ = {isa = PBXBuildFile; fileRef = BFAAF625194E087700B94274 /* Easy-Cal.swift */; };
		BFE7645919D6AF4E00CC47D2 /* GameScene.sks in Resources */ = {isa = PBXBuildFile; fileRef = BFE7645819D6AF4E00CC47D2 /* GameScene.sks */; };
		BFE7645B19D6B23900CC47D2 /* Storyboard.storyboard in Resources */ = {isa = PBXBuildFile; fileRef = BFE7645A19D6B23900CC47D2 /* Storyboard.storyboard */; };
/* End PBXBuildFile section */

/* Begin PBXFileReference section */
		BF1B3716194D6001000F3E39 /* PlaneWarSwift-Bridging-Header.h */ = {isa = PBXFileReference; lastKnownFileType = sourcecode.c.h; path = "PlaneWarSwift-Bridging-Header.h"; sourceTree = SOURCE_ROOT; };
		BF204EAB19433F1700288C00 /* PlaneWarSwift.app */ = {isa = PBXFileReference; explicitFileType = wrapper.application; includeInIndex = 0; path = PlaneWarSwift.app; sourceTree = BUILT_PRODUCTS_DIR; };
		BF89B6D0194D466B00194B97 /* AppDelegate.swift */ = {isa = PBXFileReference; fileEncoding = 4; lastKnownFileType = sourcecode.swift; path = AppDelegate.swift; sourceTree = "<group>"; };
		BF89B6D4194D466B00194B97 /* GameScene.swift */ = {isa = PBXFileReference; fileEncoding = 4; lastKnownFileType = sourcecode.swift; path = GameScene.swift; sourceTree = "<group>"; };
		BF89B6D5194D466B00194B97 /* GameViewController.swift */ = {isa = PBXFileReference; fileEncoding = 4; lastKnownFileType = sourcecode.swift; path = GameViewController.swift; sourceTree = "<group>"; };
		BF89B6D6194D466B00194B97 /* Images.xcassets */ = {isa = PBXFileReference; lastKnownFileType = folder.assetcatalog; path = Images.xcassets; sourceTree = "<group>"; };
		BF89B6D7194D466B00194B97 /* Info.plist */ = {isa = PBXFileReference; fileEncoding = 4; lastKnownFileType = text.plist.xml; path = Info.plist; sourceTree = "<group>"; };
		BF89B6D9194D466B00194B97 /* BulletSprite.h */ = {isa = PBXFileReference; fileEncoding = 4; lastKnownFileType = sourcecode.c.h; path = BulletSprite.h; sourceTree = "<group>"; };
		BF89B6DA194D466B00194B97 /* BulletSprite.m */ = {isa = PBXFileReference; fileEncoding = 4; lastKnownFileType = sourcecode.c.objc; path = BulletSprite.m; sourceTree = "<group>"; };
		BF89B6DB194D466B00194B97 /* EnemySprite.h */ = {isa = PBXFileReference; fileEncoding = 4; lastKnownFileType = sourcecode.c.h; path = EnemySprite.h; sourceTree = "<group>"; };
		BF89B6DC194D466B00194B97 /* EnemySprite.m */ = {isa = PBXFileReference; fileEncoding = 4; lastKnownFileType = sourcecode.c.objc; path = EnemySprite.m; sourceTree = "<group>"; };
		BF89B6DD194D466B00194B97 /* PhysicsMasks.h */ = {isa = PBXFileReference; fileEncoding = 4; lastKnownFileType = sourcecode.c.h; path = PhysicsMasks.h; sourceTree = "<group>"; };
		BF89B6DE194D466B00194B97 /* PlaneSprite.h */ = {isa = PBXFileReference; fileEncoding = 4; lastKnownFileType = sourcecode.c.h; path = PlaneSprite.h; sourceTree = "<group>"; };
		BF89B6DF194D466B00194B97 /* PlaneSprite.m */ = {isa = PBXFileReference; fileEncoding = 4; lastKnownFileType = sourcecode.c.objc; path = PlaneSprite.m; sourceTree = "<group>"; };
		BF89B6E0194D466B00194B97 /* PlayerSprite.h */ = {isa = PBXFileReference; fileEncoding = 4; lastKnownFileType = sourcecode.c.h; path = PlayerSprite.h; sourceTree = "<group>"; };
		BF89B6E1194D466B00194B97 /* PlayerSprite.m */ = {isa = PBXFileReference; fileEncoding = 4; lastKnownFileType = sourcecode.c.objc; path = PlayerSprite.m; sourceTree = "<group>"; };
		BFAAF625194E087700B94274 /* Easy-Cal.swift */ = {isa = PBXFileReference; fileEncoding = 4; lastKnownFileType = sourcecode.swift; name = "Easy-Cal.swift"; path = "../Easy-Cal.swift"; sourceTree = "<group>"; };
		BFE7645819D6AF4E00CC47D2 /* GameScene.sks */ = {isa = PBXFileReference; lastKnownFileType = file.sks; path = GameScene.sks; sourceTree = "<group>"; };
		BFE7645A19D6B23900CC47D2 /* Storyboard.storyboard */ = {isa = PBXFileReference; fileEncoding = 4; lastKnownFileType = file.storyboard; path = Storyboard.storyboard; sourceTree = "<group>"; };
/* End PBXFileReference section */

/* Begin PBXFrameworksBuildPhase section */
		BF204EA819433F1700288C00 /* Frameworks */ = {
			isa = PBXFrameworksBuildPhase;
			buildActionMask = 2147483647;
			files = (
			);
			runOnlyForDeploymentPostprocessing = 0;
		};
/* End PBXFrameworksBuildPhase section */

/* Begin PBXGroup section */
		BF204EA219433F1700288C00 = {
			isa = PBXGroup;
			children = (
				BF89B6CF194D466B00194B97 /* PlaneWarSwift */,
				BF204EAC19433F1700288C00 /* Products */,
			);
			sourceTree = "<group>";
		};
		BF204EAC19433F1700288C00 /* Products */ = {
			isa = PBXGroup;
			children = (
				BF204EAB19433F1700288C00 /* PlaneWarSwift.app */,
			);
			name = Products;
			sourceTree = "<group>";
		};
		BF89B6CF194D466B00194B97 /* PlaneWarSwift */ = {
			isa = PBXGroup;
			children = (
				BF89B6D0194D466B00194B97 /* AppDelegate.swift */,
				BF89B6D4194D466B00194B97 /* GameScene.swift */,
				BF89B6D5194D466B00194B97 /* GameViewController.swift */,
				BFE7645A19D6B23900CC47D2 /* Storyboard.storyboard */,
				BFE7645819D6AF4E00CC47D2 /* GameScene.sks */,
				BFAAF625194E087700B94274 /* Easy-Cal.swift */,
				BF89B6D6194D466B00194B97 /* Images.xcassets */,
				BF89B6D7194D466B00194B97 /* Info.plist */,
				BF1B3716194D6001000F3E39 /* PlaneWarSwift-Bridging-Header.h */,
				BF89B6D8194D466B00194B97 /* Sprite */,
			);
			path = PlaneWarSwift;
			sourceTree = "<group>";
		};
		BF89B6D8194D466B00194B97 /* Sprite */ = {
			isa = PBXGroup;
			children = (
				BF89B6D9194D466B00194B97 /* BulletSprite.h */,
				BF89B6DA194D466B00194B97 /* BulletSprite.m */,
				BF89B6DB194D466B00194B97 /* EnemySprite.h */,
				BF89B6DC194D466B00194B97 /* EnemySprite.m */,
				BF89B6DD194D466B00194B97 /* PhysicsMasks.h */,
				BF89B6DE194D466B00194B97 /* PlaneSprite.h */,
				BF89B6DF194D466B00194B97 /* PlaneSprite.m */,
				BF89B6E0194D466B00194B97 /* PlayerSprite.h */,
				BF89B6E1194D466B00194B97 /* PlayerSprite.m */,
			);
			path = Sprite;
			sourceTree = "<group>";
		};
/* End PBXGroup section */

/* Begin PBXNativeTarget section */
		BF204EAA19433F1700288C00 /* PlaneWarSwift */ = {
			isa = PBXNativeTarget;
			buildConfigurationList = BF204ECB19433F1700288C00 /* Build configuration list for PBXNativeTarget "PlaneWarSwift" */;
			buildPhases = (
				BF204EA719433F1700288C00 /* Sources */,
				BF204EA819433F1700288C00 /* Frameworks */,
				BF204EA919433F1700288C00 /* Resources */,
			);
			buildRules = (
			);
			dependencies = (
			);
			name = PlaneWarSwift;
			productName = swiftgame;
			productReference = BF204EAB19433F1700288C00 /* PlaneWarSwift.app */;
			productType = "com.apple.product-type.application";
		};
/* End PBXNativeTarget section */

/* Begin PBXProject section */
		BF204EA319433F1700288C00 /* Project object */ = {
			isa = PBXProject;
			attributes = {
				LastUpgradeCheck = 0600;
				ORGANIZATIONNAME = ljlin;
				TargetAttributes = {
					BF204EAA19433F1700288C00 = {
						CreatedOnToolsVersion = 6.0;
					};
				};
			};
			buildConfigurationList = BF204EA619433F1700288C00 /* Build configuration list for PBXProject "PlaneWarSwift" */;
			compatibilityVersion = "Xcode 3.2";
			developmentRegion = English;
			hasScannedForEncodings = 0;
			knownRegions = (
				en,
				Base,
			);
			mainGroup = BF204EA219433F1700288C00;
			productRefGroup = BF204EAC19433F1700288C00 /* Products */;
			projectDirPath = "";
			projectRoot = "";
			targets = (
				BF204EAA19433F1700288C00 /* PlaneWarSwift */,
			);
		};
/* End PBXProject section */

/* Begin PBXResourcesBuildPhase section */
		BF204EA919433F1700288C00 /* Resources */ = {
			isa = PBXResourcesBuildPhase;
			buildActionMask = 2147483647;
			files = (
				BF89B6E7194D466B00194B97 /* Images.xcassets in Resources */,
				BFE7645B19D6B23900CC47D2 /* Storyboard.storyboard in Resources */,
				BFE7645919D6AF4E00CC47D2 /* GameScene.sks in Resources */,
				BF89B6E8194D466B00194B97 /* Info.plist in Resources */,
			);
			runOnlyForDeploymentPostprocessing = 0;
		};
/* End PBXResourcesBuildPhase section */

/* Begin PBXSourcesBuildPhase section */
		BF204EA719433F1700288C00 /* Sources */ = {
			isa = PBXSourcesBuildPhase;
			buildActionMask = 2147483647;
			files = (
				BF89B6E6194D466B00194B97 /* GameViewController.swift in Sources */,
				BFAAF626194E087700B94274 /* Easy-Cal.swift in Sources */,
				BF89B6E9194D466B00194B97 /* BulletSprite.m in Sources */,
				BF89B6E2194D466B00194B97 /* AppDelegate.swift in Sources */,
				BF89B6E5194D466B00194B97 /* GameScene.swift in Sources */,
				BF89B6EC194D466B00194B97 /* PlayerSprite.m in Sources */,
				BF89B6EA194D466B00194B97 /* EnemySprite.m in Sources */,
				BF89B6EB194D466B00194B97 /* PlaneSprite.m in Sources */,
			);
			runOnlyForDeploymentPostprocessing = 0;
		};
/* End PBXSourcesBuildPhase section */

/* Begin XCBuildConfiguration section */
		BF204EC919433F1700288C00 /* Debug */ = {
			isa = XCBuildConfiguration;
			buildSettings = {
				ALWAYS_SEARCH_USER_PATHS = NO;
				CLANG_CXX_LANGUAGE_STANDARD = "gnu++0x";
				CLANG_CXX_LIBRARY = "libc++";
				CLANG_ENABLE_MODULES = YES;
				CLANG_ENABLE_OBJC_ARC = YES;
				CLANG_WARN_BOOL_CONVERSION = YES;
				CLANG_WARN_CONSTANT_CONVERSION = YES;
				CLANG_WARN_DIRECT_OBJC_ISA_USAGE = YES_ERROR;
				CLANG_WARN_EMPTY_BODY = YES;
				CLANG_WARN_ENUM_CONVERSION = YES;
				CLANG_WARN_INT_CONVERSION = YES;
				CLANG_WARN_OBJC_ROOT_CLASS = YES_ERROR;
				CLANG_WARN_UNREACHABLE_CODE = YES;
				CLANG_WARN__DUPLICATE_METHOD_MATCH = YES;
				"CODE_SIGN_IDENTITY[sdk=iphoneos*]" = "iPhone Developer";
				COPY_PHASE_STRIP = NO;
				ENABLE_STRICT_OBJC_MSGSEND = YES;
				GCC_C_LANGUAGE_STANDARD = gnu99;
				GCC_DYNAMIC_NO_PIC = NO;
				GCC_OPTIMIZATION_LEVEL = 0;
				GCC_PREPROCESSOR_DEFINITIONS = (
					"DEBUG=1",
					"$(inherited)",
				);
				GCC_SYMBOLS_PRIVATE_EXTERN = NO;
				GCC_WARN_64_TO_32_BIT_CONVERSION = YES;
				GCC_WARN_ABOUT_RETURN_TYPE = YES_ERROR;
				GCC_WARN_UNDECLARED_SELECTOR = YES;
				GCC_WARN_UNINITIALIZED_AUTOS = YES_AGGRESSIVE;
				GCC_WARN_UNUSED_FUNCTION = YES;
				GCC_WARN_UNUSED_VARIABLE = YES;
				IPHONEOS_DEPLOYMENT_TARGET = 7.0;
				METAL_ENABLE_DEBUG_INFO = YES;
				ONLY_ACTIVE_ARCH = YES;
				SDKROOT = iphoneos;
				SWIFT_OPTIMIZATION_LEVEL = "-Onone";
			};
			name = Debug;
		};
		BF204ECA19433F1700288C00 /* Release */ = {
			isa = XCBuildConfiguration;
			buildSettings = {
				ALWAYS_SEARCH_USER_PATHS = NO;
				CLANG_CXX_LANGUAGE_STANDARD = "gnu++0x";
				CLANG_CXX_LIBRARY = "libc++";
				CLANG_ENABLE_MODULES = YES;
				CLANG_ENABLE_OBJC_ARC = YES;
				CLANG_WARN_BOOL_CONVERSION = YES;
				CLANG_WARN_CONSTANT_CONVERSION = YES;
				CLANG_WARN_DIRECT_OBJC_ISA_USAGE = YES_ERROR;
				CLANG_WARN_EMPTY_BODY = YES;
				CLANG_WARN_ENUM_CONVERSION = YES;
				CLANG_WARN_INT_CONVERSION = YES;
				CLANG_WARN_OBJC_ROOT_CLASS = YES_ERROR;
				CLANG_WARN_UNREACHABLE_CODE = YES;
				CLANG_WARN__DUPLICATE_METHOD_MATCH = YES;
				"CODE_SIGN_IDENTITY[sdk=iphoneos*]" = "iPhone Developer";
				COPY_PHASE_STRIP = YES;
				ENABLE_NS_ASSERTIONS = NO;
				ENABLE_STRICT_OBJC_MSGSEND = YES;
				GCC_C_LANGUAGE_STANDARD = gnu99;
				GCC_WARN_64_TO_32_BIT_CONVERSION = YES;
				GCC_WARN_ABOUT_RETURN_TYPE = YES_ERROR;
				GCC_WARN_UNDECLARED_SELECTOR = YES;
				GCC_WARN_UNINITIALIZED_AUTOS = YES_AGGRESSIVE;
				GCC_WARN_UNUSED_FUNCTION = YES;
				GCC_WARN_UNUSED_VARIABLE = YES;
				IPHONEOS_DEPLOYMENT_TARGET = 7.0;
				METAL_ENABLE_DEBUG_INFO = NO;
				SDKROOT = iphoneos;
				VALIDATE_PRODUCT = YES;
			};
			name = Release;
		};
		BF204ECC19433F1700288C00 /* Debug */ = {
			isa = XCBuildConfiguration;
			buildSettings = {
				ASSETCATALOG_COMPILER_APPICON_NAME = AppIcon;
				ASSETCATALOG_COMPILER_LAUNCHIMAGE_NAME = LaunchImage;
				INFOPLIST_FILE = PlaneWarSwift/Info.plist;
				IPHONEOS_DEPLOYMENT_TARGET = 7.0;
				LD_RUNPATH_SEARCH_PATHS = "$(inherited) @executable_path/Frameworks";
				PRODUCT_NAME = PlaneWarSwift;
				SWIFT_OBJC_BRIDGING_HEADER = "PlaneWarSwift-Bridging-Header.h";
			};
			name = Debug;
		};
		BF204ECD19433F1700288C00 /* Release */ = {
			isa = XCBuildConfiguration;
			buildSettings = {
				ASSETCATALOG_COMPILER_APPICON_NAME = AppIcon;
				ASSETCATALOG_COMPILER_LAUNCHIMAGE_NAME = LaunchImage;
				INFOPLIST_FILE = PlaneWarSwift/Info.plist;
				IPHONEOS_DEPLOYMENT_TARGET = 7.0;
				LD_RUNPATH_SEARCH_PATHS = "$(inherited) @executable_path/Frameworks";
				PRODUCT_NAME = PlaneWarSwift;
				SWIFT_OBJC_BRIDGING_HEADER = "PlaneWarSwift-Bridging-Header.h";
			};
			name = Release;
		};
/* End XCBuildConfiguration section */

/* Begin XCConfigurationList section */
		BF204EA619433F1700288C00 /* Build configuration list for PBXProject "PlaneWarSwift" */ = {
			isa = XCConfigurationList;
			buildConfigurations = (
				BF204EC919433F1700288C00 /* Debug */,
				BF204ECA19433F1700288C00 /* Release */,
			);
			defaultConfigurationIsVisible = 0;
			defaultConfigurationName = Release;
		};
		BF204ECB19433F1700288C00 /* Build configuration list for PBXNativeTarget "PlaneWarSwift" */ = {
			isa = XCConfigurationList;
			buildConfigurations = (
				BF204ECC19433F1700288C00 /* Debug */,
				BF204ECD19433F1700288C00 /* Release */,
			);
			defaultConfigurationIsVisible = 0;
			defaultConfigurationName = Release;
		};
/* End XCConfigurationList section */
	};
	rootObject = BF204EA319433F1700288C00 /* Project object */;
}
